// !$*UTF8*$!
{
	archiveVersion = 1;
	classes = {
	};
	objectVersion = 48;
	objects = {

/* Begin PBXBuildFile section */
		1E295EE822842E8A00BF88F3 /* AppDelegate.swift in Sources */ = {isa = PBXBuildFile; fileRef = 1E295EE722842E8A00BF88F3 /* AppDelegate.swift */; };
		1E295EEA22842E8A00BF88F3 /* NoteListViewController.swift in Sources */ = {isa = PBXBuildFile; fileRef = 1E295EE922842E8A00BF88F3 /* NoteListViewController.swift */; };
		1E295EED22842E8A00BF88F3 /* Main.storyboard in Resources */ = {isa = PBXBuildFile; fileRef = 1E295EEB22842E8A00BF88F3 /* Main.storyboard */; };
		1E295EF022842E8A00BF88F3 /* NotesApp.xcdatamodeld in Sources */ = {isa = PBXBuildFile; fileRef = 1E295EEE22842E8A00BF88F3 /* NotesApp.xcdatamodeld */; };
		1E295EF222842E8A00BF88F3 /* Assets.xcassets in Resources */ = {isa = PBXBuildFile; fileRef = 1E295EF122842E8A00BF88F3 /* Assets.xcassets */; };
		1E295EF522842E8A00BF88F3 /* LaunchScreen.storyboard in Resources */ = {isa = PBXBuildFile; fileRef = 1E295EF322842E8A00BF88F3 /* LaunchScreen.storyboard */; };
		1E295EFD22842EC300BF88F3 /* Data.swift in Sources */ = {isa = PBXBuildFile; fileRef = 1E295EFC22842EC300BF88F3 /* Data.swift */; };
		1E295F012284357000BF88F3 /* NoteTableCell.swift in Sources */ = {isa = PBXBuildFile; fileRef = 1E295F002284357000BF88F3 /* NoteTableCell.swift */; };
		1E295F052284572D00BF88F3 /* DataManager.swift in Sources */ = {isa = PBXBuildFile; fileRef = 1E295F042284572D00BF88F3 /* DataManager.swift */; };
		1E295F092284724200BF88F3 /* AddEditNoteViewController.swift in Sources */ = {isa = PBXBuildFile; fileRef = 1E295F082284724200BF88F3 /* AddEditNoteViewController.swift */; };
		1E295F0F22847B8C00BF88F3 /* Sates.swift in Sources */ = {isa = PBXBuildFile; fileRef = 1E295F0E22847B8C00BF88F3 /* Sates.swift */; };
		1E295F1122849CA500BF88F3 /* GlobalConstants.swift in Sources */ = {isa = PBXBuildFile; fileRef = 1E295F1022849CA500BF88F3 /* GlobalConstants.swift */; };
		1E4BA2FF22859EF400471C47 /* Note+CoreDataClass.swift in Sources */ = {isa = PBXBuildFile; fileRef = 1E4BA2FD22859EF400471C47 /* Note+CoreDataClass.swift */; };
		1E4BA30022859EF400471C47 /* Note+CoreDataProperties.swift in Sources */ = {isa = PBXBuildFile; fileRef = 1E4BA2FE22859EF400471C47 /* Note+CoreDataProperties.swift */; };
		1E4BA3022285D88E00471C47 /* DynamicTextView.swift in Sources */ = {isa = PBXBuildFile; fileRef = 1E4BA3012285D88E00471C47 /* DynamicTextView.swift */; };
		1E5158C22286E1D80065C631 /* SortNoteAlg.swift in Sources */ = {isa = PBXBuildFile; fileRef = 1E5158C12286E1D80065C631 /* SortNoteAlg.swift */; };
		1E5158C42286EC670065C631 /* NoteSortAlertController.swift in Sources */ = {isa = PBXBuildFile; fileRef = 1E5158C32286EC670065C631 /* NoteSortAlertController.swift */; };
		1E5158C6228705CE0065C631 /* NoteSortAlertControllerDelegate.swift in Sources */ = {isa = PBXBuildFile; fileRef = 1E5158C5228705CE0065C631 /* NoteSortAlertControllerDelegate.swift */; };
/* End PBXBuildFile section */

/* Begin PBXFileReference section */
		1E295EE422842E8A00BF88F3 /* NotesApp.app */ = {isa = PBXFileReference; explicitFileType = wrapper.application; includeInIndex = 0; path = NotesApp.app; sourceTree = BUILT_PRODUCTS_DIR; };
		1E295EE722842E8A00BF88F3 /* AppDelegate.swift */ = {isa = PBXFileReference; lastKnownFileType = sourcecode.swift; path = AppDelegate.swift; sourceTree = "<group>"; };
		1E295EE922842E8A00BF88F3 /* NoteListViewController.swift */ = {isa = PBXFileReference; lastKnownFileType = sourcecode.swift; path = NoteListViewController.swift; sourceTree = "<group>"; };
		1E295EEC22842E8A00BF88F3 /* Base */ = {isa = PBXFileReference; lastKnownFileType = file.storyboard; name = Base; path = Base.lproj/Main.storyboard; sourceTree = "<group>"; };
		1E295EEF22842E8A00BF88F3 /* NotesApp.xcdatamodel */ = {isa = PBXFileReference; lastKnownFileType = wrapper.xcdatamodel; path = NotesApp.xcdatamodel; sourceTree = "<group>"; };
		1E295EF122842E8A00BF88F3 /* Assets.xcassets */ = {isa = PBXFileReference; lastKnownFileType = folder.assetcatalog; path = Assets.xcassets; sourceTree = "<group>"; };
		1E295EF422842E8A00BF88F3 /* Base */ = {isa = PBXFileReference; lastKnownFileType = file.storyboard; name = Base; path = Base.lproj/LaunchScreen.storyboard; sourceTree = "<group>"; };
		1E295EF622842E8A00BF88F3 /* Info.plist */ = {isa = PBXFileReference; lastKnownFileType = text.plist.xml; path = Info.plist; sourceTree = "<group>"; };
		1E295EFC22842EC300BF88F3 /* Data.swift */ = {isa = PBXFileReference; lastKnownFileType = sourcecode.swift; path = Data.swift; sourceTree = "<group>"; };
		1E295F002284357000BF88F3 /* NoteTableCell.swift */ = {isa = PBXFileReference; lastKnownFileType = sourcecode.swift; path = NoteTableCell.swift; sourceTree = "<group>"; };
		1E295F042284572D00BF88F3 /* DataManager.swift */ = {isa = PBXFileReference; lastKnownFileType = sourcecode.swift; path = DataManager.swift; sourceTree = "<group>"; };
		1E295F082284724200BF88F3 /* AddEditNoteViewController.swift */ = {isa = PBXFileReference; lastKnownFileType = sourcecode.swift; path = AddEditNoteViewController.swift; sourceTree = "<group>"; };
		1E295F0E22847B8C00BF88F3 /* Sates.swift */ = {isa = PBXFileReference; lastKnownFileType = sourcecode.swift; path = Sates.swift; sourceTree = "<group>"; };
		1E295F1022849CA500BF88F3 /* GlobalConstants.swift */ = {isa = PBXFileReference; lastKnownFileType = sourcecode.swift; path = GlobalConstants.swift; sourceTree = "<group>"; };
		1E4BA2FD22859EF400471C47 /* Note+CoreDataClass.swift */ = {isa = PBXFileReference; lastKnownFileType = sourcecode.swift; path = "Note+CoreDataClass.swift"; sourceTree = "<group>"; };
		1E4BA2FE22859EF400471C47 /* Note+CoreDataProperties.swift */ = {isa = PBXFileReference; lastKnownFileType = sourcecode.swift; path = "Note+CoreDataProperties.swift"; sourceTree = "<group>"; };
		1E4BA3012285D88E00471C47 /* DynamicTextView.swift */ = {isa = PBXFileReference; lastKnownFileType = sourcecode.swift; path = DynamicTextView.swift; sourceTree = "<group>"; };
		1E5158C12286E1D80065C631 /* SortNoteAlg.swift */ = {isa = PBXFileReference; lastKnownFileType = sourcecode.swift; path = SortNoteAlg.swift; sourceTree = "<group>"; };
		1E5158C32286EC670065C631 /* NoteSortAlertController.swift */ = {isa = PBXFileReference; lastKnownFileType = sourcecode.swift; path = NoteSortAlertController.swift; sourceTree = "<group>"; };
		1E5158C5228705CE0065C631 /* NoteSortAlertControllerDelegate.swift */ = {isa = PBXFileReference; lastKnownFileType = sourcecode.swift; path = NoteSortAlertControllerDelegate.swift; sourceTree = "<group>"; };
/* End PBXFileReference section */

/* Begin PBXFrameworksBuildPhase section */
		1E295EE122842E8A00BF88F3 /* Frameworks */ = {
			isa = PBXFrameworksBuildPhase;
			buildActionMask = 2147483647;
			files = (
			);
			runOnlyForDeploymentPostprocessing = 0;
		};
/* End PBXFrameworksBuildPhase section */

/* Begin PBXGroup section */
		1E295EDB22842E8A00BF88F3 = {
			isa = PBXGroup;
			children = (
				1E295EE622842E8A00BF88F3 /* NotesApp */,
				1E295EE522842E8A00BF88F3 /* Products */,
			);
			sourceTree = "<group>";
		};
		1E295EE522842E8A00BF88F3 /* Products */ = {
			isa = PBXGroup;
			children = (
				1E295EE422842E8A00BF88F3 /* NotesApp.app */,
			);
			name = Products;
			sourceTree = "<group>";
		};
		1E295EE622842E8A00BF88F3 /* NotesApp */ = {
			isa = PBXGroup;
			children = (
				1E295EE722842E8A00BF88F3 /* AppDelegate.swift */,
				1E295F0A2284725600BF88F3 /* ViewControllers */,
				1E295F0B2284727A00BF88F3 /* Model */,
				1E5158C722870C8C0065C631 /* Views */,
				1E5158C12286E1D80065C631 /* SortNoteAlg.swift */,
				1E295F1022849CA500BF88F3 /* GlobalConstants.swift */,
				1E295EEB22842E8A00BF88F3 /* Main.storyboard */,
				1E295EF122842E8A00BF88F3 /* Assets.xcassets */,
				1E295EF322842E8A00BF88F3 /* LaunchScreen.storyboard */,
				1E295EF622842E8A00BF88F3 /* Info.plist */,
				1E295EEE22842E8A00BF88F3 /* NotesApp.xcdatamodeld */,
			);
			path = NotesApp;
			sourceTree = "<group>";
		};
		1E295F0A2284725600BF88F3 /* ViewControllers */ = {
			isa = PBXGroup;
			children = (
				1E295EE922842E8A00BF88F3 /* NoteListViewController.swift */,
				1E295F082284724200BF88F3 /* AddEditNoteViewController.swift */,
				1E295F0E22847B8C00BF88F3 /* Sates.swift */,
				1E5158C32286EC670065C631 /* NoteSortAlertController.swift */,
				1E5158C5228705CE0065C631 /* NoteSortAlertControllerDelegate.swift */,
			);
			path = ViewControllers;
			sourceTree = "<group>";
		};
		1E295F0B2284727A00BF88F3 /* Model */ = {
			isa = PBXGroup;
			children = (
				1E4BA2FD22859EF400471C47 /* Note+CoreDataClass.swift */,
				1E4BA2FE22859EF400471C47 /* Note+CoreDataProperties.swift */,
				1E295F042284572D00BF88F3 /* DataManager.swift */,
				1E295EFC22842EC300BF88F3 /* Data.swift */,
			);
			path = Model;
			sourceTree = "<group>";
		};
		1E5158C722870C8C0065C631 /* Views */ = {
			isa = PBXGroup;
			children = (
				1E295F002284357000BF88F3 /* NoteTableCell.swift */,
				1E4BA3012285D88E00471C47 /* DynamicTextView.swift */,
			);
			path = Views;
			sourceTree = "<group>";
		};
/* End PBXGroup section */

/* Begin PBXNativeTarget section */
		1E295EE322842E8A00BF88F3 /* NotesApp */ = {
			isa = PBXNativeTarget;
			buildConfigurationList = 1E295EF922842E8A00BF88F3 /* Build configuration list for PBXNativeTarget "NotesApp" */;
			buildPhases = (
				1E295EE022842E8A00BF88F3 /* Sources */,
				1E295EE122842E8A00BF88F3 /* Frameworks */,
				1E295EE222842E8A00BF88F3 /* Resources */,
			);
			buildRules = (
			);
			dependencies = (
			);
			name = NotesApp;
			productName = NotesApp;
			productReference = 1E295EE422842E8A00BF88F3 /* NotesApp.app */;
			productType = "com.apple.product-type.application";
		};
/* End PBXNativeTarget section */

/* Begin PBXProject section */
		1E295EDC22842E8A00BF88F3 /* Project object */ = {
			isa = PBXProject;
			attributes = {
				LastSwiftUpdateCheck = 0920;
				LastUpgradeCheck = 0920;
				ORGANIZATIONNAME = "Nadiia KUCHYNA";
				TargetAttributes = {
					1E295EE322842E8A00BF88F3 = {
						CreatedOnToolsVersion = 9.2;
						ProvisioningStyle = Automatic;
					};
				};
			};
			buildConfigurationList = 1E295EDF22842E8A00BF88F3 /* Build configuration list for PBXProject "NotesApp" */;
			compatibilityVersion = "Xcode 8.0";
			developmentRegion = en;
			hasScannedForEncodings = 0;
			knownRegions = (
				en,
				Base,
			);
			mainGroup = 1E295EDB22842E8A00BF88F3;
			productRefGroup = 1E295EE522842E8A00BF88F3 /* Products */;
			projectDirPath = "";
			projectRoot = "";
			targets = (
				1E295EE322842E8A00BF88F3 /* NotesApp */,
			);
		};
/* End PBXProject section */

/* Begin PBXResourcesBuildPhase section */
		1E295EE222842E8A00BF88F3 /* Resources */ = {
			isa = PBXResourcesBuildPhase;
			buildActionMask = 2147483647;
			files = (
				1E295EF522842E8A00BF88F3 /* LaunchScreen.storyboard in Resources */,
				1E295EF222842E8A00BF88F3 /* Assets.xcassets in Resources */,
				1E295EED22842E8A00BF88F3 /* Main.storyboard in Resources */,
			);
			runOnlyForDeploymentPostprocessing = 0;
		};
/* End PBXResourcesBuildPhase section */

/* Begin PBXSourcesBuildPhase section */
		1E295EE022842E8A00BF88F3 /* Sources */ = {
			isa = PBXSourcesBuildPhase;
			buildActionMask = 2147483647;
			files = (
				1E295EF022842E8A00BF88F3 /* NotesApp.xcdatamodeld in Sources */,
				1E4BA2FF22859EF400471C47 /* Note+CoreDataClass.swift in Sources */,
				1E295F1122849CA500BF88F3 /* GlobalConstants.swift in Sources */,
				1E295F0F22847B8C00BF88F3 /* Sates.swift in Sources */,
				1E5158C6228705CE0065C631 /* NoteSortAlertControllerDelegate.swift in Sources */,
				1E4BA30022859EF400471C47 /* Note+CoreDataProperties.swift in Sources */,
				1E295EEA22842E8A00BF88F3 /* NoteListViewController.swift in Sources */,
				1E295F052284572D00BF88F3 /* DataManager.swift in Sources */,
				1E295F092284724200BF88F3 /* AddEditNoteViewController.swift in Sources */,
				1E295EE822842E8A00BF88F3 /* AppDelegate.swift in Sources */,
				1E4BA3022285D88E00471C47 /* DynamicTextView.swift in Sources */,
				1E295F012284357000BF88F3 /* NoteTableCell.swift in Sources */,
				1E5158C42286EC670065C631 /* NoteSortAlertController.swift in Sources */,
				1E5158C22286E1D80065C631 /* SortNoteAlg.swift in Sources */,
				1E295EFD22842EC300BF88F3 /* Data.swift in Sources */,
			);
			runOnlyForDeploymentPostprocessing = 0;
		};
/* End PBXSourcesBuildPhase section */

/* Begin PBXVariantGroup section */
		1E295EEB22842E8A00BF88F3 /* Main.storyboard */ = {
			isa = PBXVariantGroup;
			children = (
				1E295EEC22842E8A00BF88F3 /* Base */,
			);
			name = Main.storyboard;
			sourceTree = "<group>";
		};
		1E295EF322842E8A00BF88F3 /* LaunchScreen.storyboard */ = {
			isa = PBXVariantGroup;
			children = (
				1E295EF422842E8A00BF88F3 /* Base */,
			);
			name = LaunchScreen.storyboard;
			sourceTree = "<group>";
		};
/* End PBXVariantGroup section */

/* Begin XCBuildConfiguration section */
		1E295EF722842E8A00BF88F3 /* Debug */ = {
			isa = XCBuildConfiguration;
			buildSettings = {
				ALWAYS_SEARCH_USER_PATHS = NO;
				CLANG_ANALYZER_NONNULL = YES;
				CLANG_ANALYZER_NUMBER_OBJECT_CONVERSION = YES_AGGRESSIVE;
				CLANG_CXX_LANGUAGE_STANDARD = "gnu++14";
				CLANG_CXX_LIBRARY = "libc++";
				CLANG_ENABLE_MODULES = YES;
				CLANG_ENABLE_OBJC_ARC = YES;
				CLANG_WARN_BLOCK_CAPTURE_AUTORELEASING = YES;
				CLANG_WARN_BOOL_CONVERSION = YES;
				CLANG_WARN_COMMA = YES;
				CLANG_WARN_CONSTANT_CONVERSION = YES;
				CLANG_WARN_DIRECT_OBJC_ISA_USAGE = YES_ERROR;
				CLANG_WARN_DOCUMENTATION_COMMENTS = YES;
				CLANG_WARN_EMPTY_BODY = YES;
				CLANG_WARN_ENUM_CONVERSION = YES;
				CLANG_WARN_INFINITE_RECURSION = YES;
				CLANG_WARN_INT_CONVERSION = YES;
				CLANG_WARN_NON_LITERAL_NULL_CONVERSION = YES;
				CLANG_WARN_OBJC_LITERAL_CONVERSION = YES;
				CLANG_WARN_OBJC_ROOT_CLASS = YES_ERROR;
				CLANG_WARN_RANGE_LOOP_ANALYSIS = YES;
				CLANG_WARN_STRICT_PROTOTYPES = YES;
				CLANG_WARN_SUSPICIOUS_MOVE = YES;
				CLANG_WARN_UNGUARDED_AVAILABILITY = YES_AGGRESSIVE;
				CLANG_WARN_UNREACHABLE_CODE = YES;
				CLANG_WARN__DUPLICATE_METHOD_MATCH = YES;
				CODE_SIGN_IDENTITY = "iPhone Developer";
				COPY_PHASE_STRIP = NO;
				DEBUG_INFORMATION_FORMAT = dwarf;
				ENABLE_STRICT_OBJC_MSGSEND = YES;
				ENABLE_TESTABILITY = YES;
				GCC_C_LANGUAGE_STANDARD = gnu11;
				GCC_DYNAMIC_NO_PIC = NO;
				GCC_NO_COMMON_BLOCKS = YES;
				GCC_OPTIMIZATION_LEVEL = 0;
				GCC_PREPROCESSOR_DEFINITIONS = (
					"DEBUG=1",
					"$(inherited)",
				);
				GCC_WARN_64_TO_32_BIT_CONVERSION = YES;
				GCC_WARN_ABOUT_RETURN_TYPE = YES_ERROR;
				GCC_WARN_UNDECLARED_SELECTOR = YES;
				GCC_WARN_UNINITIALIZED_AUTOS = YES_AGGRESSIVE;
				GCC_WARN_UNUSED_FUNCTION = YES;
				GCC_WARN_UNUSED_VARIABLE = YES;
				IPHONEOS_DEPLOYMENT_TARGET = 11.2;
				MTL_ENABLE_DEBUG_INFO = YES;
				ONLY_ACTIVE_ARCH = YES;
				SDKROOT = iphoneos;
				SWIFT_ACTIVE_COMPILATION_CONDITIONS = DEBUG;
				SWIFT_OPTIMIZATION_LEVEL = "-Onone";
			};
			name = Debug;
		};
		1E295EF822842E8A00BF88F3 /* Release */ = {
			isa = XCBuildConfiguration;
			buildSettings = {
				ALWAYS_SEARCH_USER_PATHS = NO;
				CLANG_ANALYZER_NONNULL = YES;
				CLANG_ANALYZER_NUMBER_OBJECT_CONVERSION = YES_AGGRESSIVE;
				CLANG_CXX_LANGUAGE_STANDARD = "gnu++14";
				CLANG_CXX_LIBRARY = "libc++";
				CLANG_ENABLE_MODULES = YES;
				CLANG_ENABLE_OBJC_ARC = YES;
				CLANG_WARN_BLOCK_CAPTURE_AUTORELEASING = YES;
				CLANG_WARN_BOOL_CONVERSION = YES;
				CLANG_WARN_COMMA = YES;
				CLANG_WARN_CONSTANT_CONVERSION = YES;
				CLANG_WARN_DIRECT_OBJC_ISA_USAGE = YES_ERROR;
				CLANG_WARN_DOCUMENTATION_COMMENTS = YES;
				CLANG_WARN_EMPTY_BODY = YES;
				CLANG_WARN_ENUM_CONVERSION = YES;
				CLANG_WARN_INFINITE_RECURSION = YES;
				CLANG_WARN_INT_CONVERSION = YES;
				CLANG_WARN_NON_LITERAL_NULL_CONVERSION = YES;
				CLANG_WARN_OBJC_LITERAL_CONVERSION = YES;
				CLANG_WARN_OBJC_ROOT_CLASS = YES_ERROR;
				CLANG_WARN_RANGE_LOOP_ANALYSIS = YES;
				CLANG_WARN_STRICT_PROTOTYPES = YES;
				CLANG_WARN_SUSPICIOUS_MOVE = YES;
				CLANG_WARN_UNGUARDED_AVAILABILITY = YES_AGGRESSIVE;
				CLANG_WARN_UNREACHABLE_CODE = YES;
				CLANG_WARN__DUPLICATE_METHOD_MATCH = YES;
				CODE_SIGN_IDENTITY = "iPhone Developer";
				COPY_PHASE_STRIP = NO;
				DEBUG_INFORMATION_FORMAT = "dwarf-with-dsym";
				ENABLE_NS_ASSERTIONS = NO;
				ENABLE_STRICT_OBJC_MSGSEND = YES;
				GCC_C_LANGUAGE_STANDARD = gnu11;
				GCC_NO_COMMON_BLOCKS = YES;
				GCC_WARN_64_TO_32_BIT_CONVERSION = YES;
				GCC_WARN_ABOUT_RETURN_TYPE = YES_ERROR;
				GCC_WARN_UNDECLARED_SELECTOR = YES;
				GCC_WARN_UNINITIALIZED_AUTOS = YES_AGGRESSIVE;
				GCC_WARN_UNUSED_FUNCTION = YES;
				GCC_WARN_UNUSED_VARIABLE = YES;
				IPHONEOS_DEPLOYMENT_TARGET = 11.2;
				MTL_ENABLE_DEBUG_INFO = NO;
				SDKROOT = iphoneos;
				SWIFT_OPTIMIZATION_LEVEL = "-Owholemodule";
				VALIDATE_PRODUCT = YES;
			};
			name = Release;
		};
		1E295EFA22842E8A00BF88F3 /* Debug */ = {
			isa = XCBuildConfiguration;
			buildSettings = {
				ASSETCATALOG_COMPILER_APPICON_NAME = AppIcon;
				CODE_SIGN_STYLE = Automatic;
				INFOPLIST_FILE = NotesApp/Info.plist;
				LD_RUNPATH_SEARCH_PATHS = "$(inherited) @executable_path/Frameworks";
				PRODUCT_BUNDLE_IDENTIFIER = nkuchyna.NotesApp;
				PRODUCT_NAME = "$(TARGET_NAME)";
				SWIFT_VERSION = 4.0;
				TARGETED_DEVICE_FAMILY = "1,2";
			};
			name = Debug;
		};
		1E295EFB22842E8A00BF88F3 /* Release */ = {
			isa = XCBuildConfiguration;
			buildSettings = {
				ASSETCATALOG_COMPILER_APPICON_NAME = AppIcon;
				CODE_SIGN_STYLE = Automatic;
				INFOPLIST_FILE = NotesApp/Info.plist;
				LD_RUNPATH_SEARCH_PATHS = "$(inherited) @executable_path/Frameworks";
				PRODUCT_BUNDLE_IDENTIFIER = nkuchyna.NotesApp;
				PRODUCT_NAME = "$(TARGET_NAME)";
				SWIFT_VERSION = 4.0;
				TARGETED_DEVICE_FAMILY = "1,2";
			};
			name = Release;
		};
/* End XCBuildConfiguration section */

/* Begin XCConfigurationList section */
		1E295EDF22842E8A00BF88F3 /* Build configuration list for PBXProject "NotesApp" */ = {
			isa = XCConfigurationList;
			buildConfigurations = (
				1E295EF722842E8A00BF88F3 /* Debug */,
				1E295EF822842E8A00BF88F3 /* Release */,
			);
			defaultConfigurationIsVisible = 0;
			defaultConfigurationName = Release;
		};
		1E295EF922842E8A00BF88F3 /* Build configuration list for PBXNativeTarget "NotesApp" */ = {
			isa = XCConfigurationList;
			buildConfigurations = (
				1E295EFA22842E8A00BF88F3 /* Debug */,
				1E295EFB22842E8A00BF88F3 /* Release */,
			);
			defaultConfigurationIsVisible = 0;
			defaultConfigurationName = Release;
		};
/* End XCConfigurationList section */

/* Begin XCVersionGroup section */
		1E295EEE22842E8A00BF88F3 /* NotesApp.xcdatamodeld */ = {
			isa = XCVersionGroup;
			children = (
				1E295EEF22842E8A00BF88F3 /* NotesApp.xcdatamodel */,
			);
			currentVersion = 1E295EEF22842E8A00BF88F3 /* NotesApp.xcdatamodel */;
			path = NotesApp.xcdatamodeld;
			sourceTree = "<group>";
			versionGroupType = wrapper.xcdatamodel;
		};
/* End XCVersionGroup section */
	};
	rootObject = 1E295EDC22842E8A00BF88F3 /* Project object */;
}
